# THIS IS AN AUTOGENERATED FILE. DO NOT EDIT THIS FILE DIRECTLY.
# yarn lockfile v1


"@babel/parser@^7.23.3":
  version "7.23.5"
  resolved "https://registry.yarnpkg.com/@babel/parser/-/parser-7.23.5.tgz#37dee97c4752af148e1d38c34b856b2507660563"
  integrity sha512-hOOqoiNXrmGdFbhgCzu6GiURxUgM27Xwd/aPuu8RfHEZPBzL1Z54okAHAQjXfcQNwvrlkAmAp4SlRTZ45vlthQ==

"@ctrl/tinycolor@^3.4.1":
  version "3.6.1"
  resolved "https://registry.yarnpkg.com/@ctrl/tinycolor/-/tinycolor-3.6.1.tgz#b6c75a56a1947cc916ea058772d666a2c8932f31"
  integrity sha512-SITSV6aIXsuVNV3f3O0f2n/cgyEDWoSqtZMYiAmcsYHydcKrOz3gUxB/iXd/Qf08+IZX4KpgNbvUdMBmWz+kcA==

"@element-plus/icons-vue@^2.3.1":
  version "2.3.1"
  resolved "https://registry.yarnpkg.com/@element-plus/icons-vue/-/icons-vue-2.3.1.tgz#1f635ad5fdd5c85ed936481525570e82b5a8307a"
  integrity sha512-XxVUZv48RZAd87ucGS48jPf6pKu0yV5UCg9f4FFwtrYxXOwWuVJo6wOvSLKEoMQKjv8GsX/mhP6UsC1lRwbUWg==

"@esbuild/android-arm64@0.19.8":
  version "0.19.8"
  resolved "https://registry.yarnpkg.com/@esbuild/android-arm64/-/android-arm64-0.19.8.tgz#fb7130103835b6d43ea499c3f30cfb2b2ed58456"
  integrity sha512-B8JbS61bEunhfx8kasogFENgQfr/dIp+ggYXwTqdbMAgGDhRa3AaPpQMuQU0rNxDLECj6FhDzk1cF9WHMVwrtA==

"@esbuild/android-arm@0.19.8":
  version "0.19.8"
  resolved "https://registry.yarnpkg.com/@esbuild/android-arm/-/android-arm-0.19.8.tgz#b46e4d9e984e6d6db6c4224d72c86b7757e35bcb"
  integrity sha512-31E2lxlGM1KEfivQl8Yf5aYU/mflz9g06H6S15ITUFQueMFtFjESRMoDSkvMo8thYvLBax+VKTPlpnx+sPicOA==

"@esbuild/android-x64@0.19.8":
  version "0.19.8"
  resolved "https://registry.yarnpkg.com/@esbuild/android-x64/-/android-x64-0.19.8.tgz#a13db9441b5a4f4e4fec4a6f8ffacfea07888db7"
  integrity sha512-rdqqYfRIn4jWOp+lzQttYMa2Xar3OK9Yt2fhOhzFXqg0rVWEfSclJvZq5fZslnz6ypHvVf3CT7qyf0A5pM682A==

"@esbuild/darwin-arm64@0.19.8":
  version "0.19.8"
  resolved "https://registry.yarnpkg.com/@esbuild/darwin-arm64/-/darwin-arm64-0.19.8.tgz#49f5718d36541f40dd62bfdf84da9c65168a0fc2"
  integrity sha512-RQw9DemMbIq35Bprbboyf8SmOr4UXsRVxJ97LgB55VKKeJOOdvsIPy0nFyF2l8U+h4PtBx/1kRf0BelOYCiQcw==

"@esbuild/darwin-x64@0.19.8":
  version "0.19.8"
  resolved "https://registry.yarnpkg.com/@esbuild/darwin-x64/-/darwin-x64-0.19.8.tgz#75c5c88371eea4bfc1f9ecfd0e75104c74a481ac"
  integrity sha512-3sur80OT9YdeZwIVgERAysAbwncom7b4bCI2XKLjMfPymTud7e/oY4y+ci1XVp5TfQp/bppn7xLw1n/oSQY3/Q==

"@esbuild/freebsd-arm64@0.19.8":
  version "0.19.8"
  resolved "https://registry.yarnpkg.com/@esbuild/freebsd-arm64/-/freebsd-arm64-0.19.8.tgz#9d7259fea4fd2b5f7437b52b542816e89d7c8575"
  integrity sha512-WAnPJSDattvS/XtPCTj1tPoTxERjcTpH6HsMr6ujTT+X6rylVe8ggxk8pVxzf5U1wh5sPODpawNicF5ta/9Tmw==

"@esbuild/freebsd-x64@0.19.8":
  version "0.19.8"
  resolved "https://registry.yarnpkg.com/@esbuild/freebsd-x64/-/freebsd-x64-0.19.8.tgz#abac03e1c4c7c75ee8add6d76ec592f46dbb39e3"
  integrity sha512-ICvZyOplIjmmhjd6mxi+zxSdpPTKFfyPPQMQTK/w+8eNK6WV01AjIztJALDtwNNfFhfZLux0tZLC+U9nSyA5Zg==

"@esbuild/linux-arm64@0.19.8":
  version "0.19.8"
  resolved "https://registry.yarnpkg.com/@esbuild/linux-arm64/-/linux-arm64-0.19.8.tgz#c577932cf4feeaa43cb9cec27b89cbe0df7d9098"
  integrity sha512-z1zMZivxDLHWnyGOctT9JP70h0beY54xDDDJt4VpTX+iwA77IFsE1vCXWmprajJGa+ZYSqkSbRQ4eyLCpCmiCQ==

"@esbuild/linux-arm@0.19.8":
  version "0.19.8"
  resolved "https://registry.yarnpkg.com/@esbuild/linux-arm/-/linux-arm-0.19.8.tgz#d6014d8b98b5cbc96b95dad3d14d75bb364fdc0f"
  integrity sha512-H4vmI5PYqSvosPaTJuEppU9oz1dq2A7Mr2vyg5TF9Ga+3+MGgBdGzcyBP7qK9MrwFQZlvNyJrvz6GuCaj3OukQ==

"@esbuild/linux-ia32@0.19.8":
  version "0.19.8"
  resolved "https://registry.yarnpkg.com/@esbuild/linux-ia32/-/linux-ia32-0.19.8.tgz#2379a0554307d19ac4a6cdc15b08f0ea28e7a40d"
  integrity sha512-1a8suQiFJmZz1khm/rDglOc8lavtzEMRo0v6WhPgxkrjcU0LkHj+TwBrALwoz/OtMExvsqbbMI0ChyelKabSvQ==

"@esbuild/linux-loong64@0.19.8":
  version "0.19.8"
  resolved "https://registry.yarnpkg.com/@esbuild/linux-loong64/-/linux-loong64-0.19.8.tgz#e2a5bbffe15748b49356a6cd7b2d5bf60c5a7123"
  integrity sha512-fHZWS2JJxnXt1uYJsDv9+b60WCc2RlvVAy1F76qOLtXRO+H4mjt3Tr6MJ5l7Q78X8KgCFudnTuiQRBhULUyBKQ==

"@esbuild/linux-mips64el@0.19.8":
  version "0.19.8"
  resolved "https://registry.yarnpkg.com/@esbuild/linux-mips64el/-/linux-mips64el-0.19.8.tgz#1359331e6f6214f26f4b08db9b9df661c57cfa24"
  integrity sha512-Wy/z0EL5qZYLX66dVnEg9riiwls5IYnziwuju2oUiuxVc+/edvqXa04qNtbrs0Ukatg5HEzqT94Zs7J207dN5Q==

"@esbuild/linux-ppc64@0.19.8":
  version "0.19.8"
  resolved "https://registry.yarnpkg.com/@esbuild/linux-ppc64/-/linux-ppc64-0.19.8.tgz#9ba436addc1646dc89dae48c62d3e951ffe70951"
  integrity sha512-ETaW6245wK23YIEufhMQ3HSeHO7NgsLx8gygBVldRHKhOlD1oNeNy/P67mIh1zPn2Hr2HLieQrt6tWrVwuqrxg==

"@esbuild/linux-riscv64@0.19.8":
  version "0.19.8"
  resolved "https://registry.yarnpkg.com/@esbuild/linux-riscv64/-/linux-riscv64-0.19.8.tgz#fbcf0c3a0b20f40b5fc31c3b7695f0769f9de66b"
  integrity sha512-T2DRQk55SgoleTP+DtPlMrxi/5r9AeFgkhkZ/B0ap99zmxtxdOixOMI570VjdRCs9pE4Wdkz7JYrsPvsl7eESg==

"@esbuild/linux-s390x@0.19.8":
  version "0.19.8"
  resolved "https://registry.yarnpkg.com/@esbuild/linux-s390x/-/linux-s390x-0.19.8.tgz#989e8a05f7792d139d5564ffa7ff898ac6f20a4a"
  integrity sha512-NPxbdmmo3Bk7mbNeHmcCd7R7fptJaczPYBaELk6NcXxy7HLNyWwCyDJ/Xx+/YcNH7Im5dHdx9gZ5xIwyliQCbg==

"@esbuild/linux-x64@0.19.8":
  version "0.19.8"
  resolved "https://registry.yarnpkg.com/@esbuild/linux-x64/-/linux-x64-0.19.8.tgz#b187295393a59323397fe5ff51e769ec4e72212b"
  integrity sha512-lytMAVOM3b1gPypL2TRmZ5rnXl7+6IIk8uB3eLsV1JwcizuolblXRrc5ShPrO9ls/b+RTp+E6gbsuLWHWi2zGg==

"@esbuild/netbsd-x64@0.19.8":
  version "0.19.8"
  resolved "https://registry.yarnpkg.com/@esbuild/netbsd-x64/-/netbsd-x64-0.19.8.tgz#c1ec0e24ea82313cb1c7bae176bd5acd5bde7137"
  integrity sha512-hvWVo2VsXz/8NVt1UhLzxwAfo5sioj92uo0bCfLibB0xlOmimU/DeAEsQILlBQvkhrGjamP0/el5HU76HAitGw==

"@esbuild/openbsd-x64@0.19.8":
  version "0.19.8"
  resolved "https://registry.yarnpkg.com/@esbuild/openbsd-x64/-/openbsd-x64-0.19.8.tgz#0c5b696ac66c6d70cf9ee17073a581a28af9e18d"
  integrity sha512-/7Y7u77rdvmGTxR83PgaSvSBJCC2L3Kb1M/+dmSIvRvQPXXCuC97QAwMugBNG0yGcbEGfFBH7ojPzAOxfGNkwQ==

"@esbuild/sunos-x64@0.19.8":
  version "0.19.8"
  resolved "https://registry.yarnpkg.com/@esbuild/sunos-x64/-/sunos-x64-0.19.8.tgz#2a697e1f77926ff09fcc457d8f29916d6cd48fb1"
  integrity sha512-9Lc4s7Oi98GqFA4HzA/W2JHIYfnXbUYgekUP/Sm4BG9sfLjyv6GKKHKKVs83SMicBF2JwAX6A1PuOLMqpD001w==

"@esbuild/win32-arm64@0.19.8":
  version "0.19.8"
  resolved "https://registry.yarnpkg.com/@esbuild/win32-arm64/-/win32-arm64-0.19.8.tgz#ec029e62a2fca8c071842ecb1bc5c2dd20b066f1"
  integrity sha512-rq6WzBGjSzihI9deW3fC2Gqiak68+b7qo5/3kmB6Gvbh/NYPA0sJhrnp7wgV4bNwjqM+R2AApXGxMO7ZoGhIJg==

"@esbuild/win32-ia32@0.19.8":
  version "0.19.8"
  resolved "https://registry.yarnpkg.com/@esbuild/win32-ia32/-/win32-ia32-0.19.8.tgz#cbb9a3146bde64dc15543e48afe418c7a3214851"
  integrity sha512-AIAbverbg5jMvJznYiGhrd3sumfwWs8572mIJL5NQjJa06P8KfCPWZQ0NwZbPQnbQi9OWSZhFVSUWjjIrn4hSw==

"@esbuild/win32-x64@0.19.8":
  version "0.19.8"
  resolved "https://registry.yarnpkg.com/@esbuild/win32-x64/-/win32-x64-0.19.8.tgz#c8285183dbdb17008578dbacb6e22748709b4822"
  integrity sha512-bfZ0cQ1uZs2PqpulNL5j/3w+GDhP36k1K5c38QdQg+Swy51jFZWWeIkteNsufkQxp986wnqRRsb/bHbY1WQ7TA==

"@floating-ui/core@^1.4.2":
  version "1.5.0"
  resolved "https://registry.yarnpkg.com/@floating-ui/core/-/core-1.5.0.tgz#5c05c60d5ae2d05101c3021c1a2a350ddc027f8c"
  integrity sha512-kK1h4m36DQ0UHGj5Ah4db7R0rHemTqqO0QLvUqi1/mUUp3LuAWbWxdxSIf/XsnH9VS6rRVPLJCncjRzUvyCLXg==
  dependencies:
    "@floating-ui/utils" "^0.1.3"

"@floating-ui/dom@^1.0.1":
  version "1.5.3"
  resolved "https://registry.yarnpkg.com/@floating-ui/dom/-/dom-1.5.3.tgz#54e50efcb432c06c23cd33de2b575102005436fa"
  integrity sha512-ClAbQnEqJAKCJOEbbLo5IUlZHkNszqhuxS4fHAVxRPXPya6Ysf2G8KypnYcOTpx6I8xcgF9bbHb6g/2KpbV8qA==
  dependencies:
    "@floating-ui/core" "^1.4.2"
    "@floating-ui/utils" "^0.1.3"

"@floating-ui/utils@^0.1.3":
  version "0.1.6"
  resolved "https://registry.yarnpkg.com/@floating-ui/utils/-/utils-0.1.6.tgz#22958c042e10b67463997bd6ea7115fe28cbcaf9"
  integrity sha512-OfX7E2oUDYxtBvsuS4e/jSn4Q9Qb6DzgeYtsAdkPZ47znpoNsMgZw0+tVijiv3uGNR6dgNlty6r9rzIzHjtd/A==

"@jridgewell/sourcemap-codec@^1.4.15":
  version "1.4.15"
  resolved "https://registry.yarnpkg.com/@jridgewell/sourcemap-codec/-/sourcemap-codec-1.4.15.tgz#d7c6e6755c78567a951e04ab52ef0fd26de59f32"
  integrity sha512-eF2rxCRulEKXHTRiDrDy6erMYWqNw4LPdQ8UQA4huuxaQsVeRPFl2oM8oDGxMFhJUWZf9McpLtJasDDZb/Bpeg==

"@popperjs/core@npm:@sxzz/popperjs-es@^2.11.7":
  version "2.11.7"
  resolved "https://registry.yarnpkg.com/@sxzz/popperjs-es/-/popperjs-es-2.11.7.tgz#a7f69e3665d3da9b115f9e71671dae1b97e13671"
  integrity sha512-Ccy0NlLkzr0Ex2FKvh2X+OyERHXJ88XJ1MXtsI9y9fGexlaXaVTPzBCRBwIxFkORuOb+uBqeu+RqnpgYTEZRUQ==

"@rollup/rollup-android-arm-eabi@4.6.1":
  version "4.6.1"
  resolved "https://registry.yarnpkg.com/@rollup/rollup-android-arm-eabi/-/rollup-android-arm-eabi-4.6.1.tgz#0ea289f68ff248b50fea5716ca9f65f7d4dba3ae"
  integrity sha512-0WQ0ouLejaUCRsL93GD4uft3rOmB8qoQMU05Kb8CmMtMBe7XUDLAltxVZI1q6byNqEtU7N1ZX1Vw5lIpgulLQA==

"@rollup/rollup-android-arm64@4.6.1":
  version "4.6.1"
  resolved "https://registry.yarnpkg.com/@rollup/rollup-android-arm64/-/rollup-android-arm64-4.6.1.tgz#27c8c67fc5de574874085a1b480ac65b3e18378e"
  integrity sha512-1TKm25Rn20vr5aTGGZqo6E4mzPicCUD79k17EgTLAsXc1zysyi4xXKACfUbwyANEPAEIxkzwue6JZ+stYzWUTA==

"@rollup/rollup-darwin-arm64@4.6.1":
  version "4.6.1"
  resolved "https://registry.yarnpkg.com/@rollup/rollup-darwin-arm64/-/rollup-darwin-arm64-4.6.1.tgz#c5735c042980c85495411af7183dd20294763bd8"
  integrity sha512-cEXJQY/ZqMACb+nxzDeX9IPLAg7S94xouJJCNVE5BJM8JUEP4HeTF+ti3cmxWeSJo+5D+o8Tc0UAWUkfENdeyw==

"@rollup/rollup-darwin-x64@4.6.1":
  version "4.6.1"
  resolved "https://registry.yarnpkg.com/@rollup/rollup-darwin-x64/-/rollup-darwin-x64-4.6.1.tgz#af844bd54abb73ca3c9cf89a31eec17861d1375d"
  integrity sha512-LoSU9Xu56isrkV2jLldcKspJ7sSXmZWkAxg7sW/RfF7GS4F5/v4EiqKSMCFbZtDu2Nc1gxxFdQdKwkKS4rwxNg==

"@rollup/rollup-linux-arm-gnueabihf@4.6.1":
  version "4.6.1"
  resolved "https://registry.yarnpkg.com/@rollup/rollup-linux-arm-gnueabihf/-/rollup-linux-arm-gnueabihf-4.6.1.tgz#5e972f63c441eaf859551039b3f18db9b035977d"
  integrity sha512-EfI3hzYAy5vFNDqpXsNxXcgRDcFHUWSx5nnRSCKwXuQlI5J9dD84g2Usw81n3FLBNsGCegKGwwTVsSKK9cooSQ==

"@rollup/rollup-linux-arm64-gnu@4.6.1":
  version "4.6.1"
  resolved "https://registry.yarnpkg.com/@rollup/rollup-linux-arm64-gnu/-/rollup-linux-arm64-gnu-4.6.1.tgz#f4cfbc71e3b6fdb395b28b1472414e181515c72d"
  integrity sha512-9lhc4UZstsegbNLhH0Zu6TqvDfmhGzuCWtcTFXY10VjLLUe4Mr0Ye2L3rrtHaDd/J5+tFMEuo5LTCSCMXWfUKw==

"@rollup/rollup-linux-arm64-musl@4.6.1":
  version "4.6.1"
  resolved "https://registry.yarnpkg.com/@rollup/rollup-linux-arm64-musl/-/rollup-linux-arm64-musl-4.6.1.tgz#6a94c691830dc29bf708de7c640f494996130893"
  integrity sha512-FfoOK1yP5ksX3wwZ4Zk1NgyGHZyuRhf99j64I5oEmirV8EFT7+OhUZEnP+x17lcP/QHJNWGsoJwrz4PJ9fBEXw==

"@rollup/rollup-linux-x64-gnu@4.6.1":
  version "4.6.1"
  resolved "https://registry.yarnpkg.com/@rollup/rollup-linux-x64-gnu/-/rollup-linux-x64-gnu-4.6.1.tgz#f07bae3f7dc532d9ea5ab36c9071db329f9a1efb"
  integrity sha512-DNGZvZDO5YF7jN5fX8ZqmGLjZEXIJRdJEdTFMhiyXqyXubBa0WVLDWSNlQ5JR2PNgDbEV1VQowhVRUh+74D+RA==

"@rollup/rollup-linux-x64-musl@4.6.1":
  version "4.6.1"
  resolved "https://registry.yarnpkg.com/@rollup/rollup-linux-x64-musl/-/rollup-linux-x64-musl-4.6.1.tgz#357a34fdbf410af88ce48bd802bea6462bb9a8bc"
  integrity sha512-RkJVNVRM+piYy87HrKmhbexCHg3A6Z6MU0W9GHnJwBQNBeyhCJG9KDce4SAMdicQnpURggSvtbGo9xAWOfSvIQ==

"@rollup/rollup-win32-arm64-msvc@4.6.1":
  version "4.6.1"
  resolved "https://registry.yarnpkg.com/@rollup/rollup-win32-arm64-msvc/-/rollup-win32-arm64-msvc-4.6.1.tgz#b6e97fd38281667e35297033393cd1101f4a31be"
  integrity sha512-v2FVT6xfnnmTe3W9bJXl6r5KwJglMK/iRlkKiIFfO6ysKs0rDgz7Cwwf3tjldxQUrHL9INT/1r4VA0n9L/F1vQ==

"@rollup/rollup-win32-ia32-msvc@4.6.1":
  version "4.6.1"
  resolved "https://registry.yarnpkg.com/@rollup/rollup-win32-ia32-msvc/-/rollup-win32-ia32-msvc-4.6.1.tgz#a95db026c640c8128bfd38546d85342f2329beaf"
  integrity sha512-YEeOjxRyEjqcWphH9dyLbzgkF8wZSKAKUkldRY6dgNR5oKs2LZazqGB41cWJ4Iqqcy9/zqYgmzBkRoVz3Q9MLw==

"@rollup/rollup-win32-x64-msvc@4.6.1":
  version "4.6.1"
  resolved "https://registry.yarnpkg.com/@rollup/rollup-win32-x64-msvc/-/rollup-win32-x64-msvc-4.6.1.tgz#45785b5caf83200a34a9867ba50d69560880c120"
  integrity sha512-0zfTlFAIhgz8V2G8STq8toAjsYYA6eci1hnXuyOTUFnymrtJwnS6uGKiv3v5UrPZkBlamLvrLV2iiaeqCKzb0A==

"@socket.io/component-emitter@~3.1.0":
  version "3.1.0"
  resolved "https://registry.yarnpkg.com/@socket.io/component-emitter/-/component-emitter-3.1.0.tgz#96116f2a912e0c02817345b3c10751069920d553"
  integrity sha512-+9jVqKhRSpsc591z5vX+X5Yyw+he/HCB4iQ/RYxw35CEPaY1gnsNE43nf9n9AaYjAQrTiI/mOwKUKdUs9vf7Xg==

"@types/jsonwebtoken@^9.0.5":
  version "9.0.5"
  resolved "https://registry.yarnpkg.com/@types/jsonwebtoken/-/jsonwebtoken-9.0.5.tgz#0bd9b841c9e6c5a937c17656e2368f65da025588"
  integrity sha512-VRLSGzik+Unrup6BsouBeHsf4d1hOEgYWTm/7Nmw1sXoN1+tRly/Gy/po3yeahnP4jfnQWWAhQAqcNfH7ngOkA==
  dependencies:
    "@types/node" "*"

"@types/lodash-es@^4.17.6":
  version "4.17.12"
  resolved "https://registry.yarnpkg.com/@types/lodash-es/-/lodash-es-4.17.12.tgz#65f6d1e5f80539aa7cfbfc962de5def0cf4f341b"
  integrity sha512-0NgftHUcV4v34VhXm8QBSftKVXtbkBG3ViCjs6+eJ5a6y6Mi/jiFGPc1sC7QK+9BFhWrURE3EOggmWaSxL9OzQ==
  dependencies:
    "@types/lodash" "*"

"@types/lodash@*", "@types/lodash@^4.14.182":
  version "4.14.202"
  resolved "https://registry.yarnpkg.com/@types/lodash/-/lodash-4.14.202.tgz#f09dbd2fb082d507178b2f2a5c7e74bd72ff98f8"
  integrity sha512-OvlIYQK9tNneDlS0VN54LLd5uiPCBOp7gS5Z0f1mjoJYBrtStzgmJBxONW3U6OZqdtNzZPmn9BS/7WI7BFFcFQ==

"@types/node@*":
  version "20.10.1"
  resolved "https://registry.yarnpkg.com/@types/node/-/node-20.10.1.tgz#d2c96f356c3125fedc983d74c424910c3767141c"
  integrity sha512-T2qwhjWwGH81vUEx4EXmBKsTJRXFXNZTL4v0gi01+zyBmCwzE6TyHszqX01m+QHTEq+EZNo13NeJIdEqf+Myrg==
  dependencies:
    undici-types "~5.26.4"

"@types/web-bluetooth@^0.0.16":
  version "0.0.16"
  resolved "https://registry.yarnpkg.com/@types/web-bluetooth/-/web-bluetooth-0.0.16.tgz#1d12873a8e49567371f2a75fe3e7f7edca6662d8"
  integrity sha512-oh8q2Zc32S6gd/j50GowEjKLoOVOwHP/bWVjKJInBwQqdOYMdPrf1oVlelTlyfFK3CKxL1uahMDAr+vy8T7yMQ==

"@vitejs/plugin-vue@^4.5.0":
  version "4.5.0"
  resolved "https://registry.yarnpkg.com/@vitejs/plugin-vue/-/plugin-vue-4.5.0.tgz#b4569fcb1faac054eba4f5efc1aaf4d39f4379e5"
  integrity sha512-a2WSpP8X8HTEww/U00bU4mX1QpLINNuz/2KMNpLsdu3BzOpak3AGI1CJYBTXcc4SPhaD0eNRUp7IyQK405L5dQ==

"@volar/language-core@1.11.1", "@volar/language-core@~1.11.1":
  version "1.11.1"
  resolved "https://registry.yarnpkg.com/@volar/language-core/-/language-core-1.11.1.tgz#ecdf12ea8dc35fb8549e517991abcbf449a5ad4f"
  integrity sha512-dOcNn3i9GgZAcJt43wuaEykSluAuOkQgzni1cuxLxTV0nJKanQztp7FxyswdRILaKH+P2XZMPRp2S4MV/pElCw==
  dependencies:
    "@volar/source-map" "1.11.1"

"@volar/source-map@1.11.1", "@volar/source-map@~1.11.1":
  version "1.11.1"
  resolved "https://registry.yarnpkg.com/@volar/source-map/-/source-map-1.11.1.tgz#535b0328d9e2b7a91dff846cab4058e191f4452f"
  integrity sha512-hJnOnwZ4+WT5iupLRnuzbULZ42L7BWWPMmruzwtLhJfpDVoZLjNBxHDi2sY2bgZXCKlpU5XcsMFoYrsQmPhfZg==
  dependencies:
    muggle-string "^0.3.1"

"@volar/typescript@~1.11.1":
  version "1.11.1"
  resolved "https://registry.yarnpkg.com/@volar/typescript/-/typescript-1.11.1.tgz#ba86c6f326d88e249c7f5cfe4b765be3946fd627"
  integrity sha512-iU+t2mas/4lYierSnoFOeRFQUhAEMgsFuQxoxvwn5EdQopw43j+J27a4lt9LMInx1gLJBC6qL14WYGlgymaSMQ==
  dependencies:
    "@volar/language-core" "1.11.1"
    path-browserify "^1.0.1"

"@vue/compiler-core@3.3.9":
  version "3.3.9"
  resolved "https://registry.yarnpkg.com/@vue/compiler-core/-/compiler-core-3.3.9.tgz#df1fc7947dcef5c2e12d257eae540057707f47d1"
  integrity sha512-+/Lf68Vr/nFBA6ol4xOtJrW+BQWv3QWKfRwGSm70jtXwfhZNF4R/eRgyVJYoxFRhdCTk/F6g99BP0ffPgZihfQ==
  dependencies:
    "@babel/parser" "^7.23.3"
    "@vue/shared" "3.3.9"
    estree-walker "^2.0.2"
    source-map-js "^1.0.2"

"@vue/compiler-dom@3.3.9", "@vue/compiler-dom@^3.3.0":
  version "3.3.9"
  resolved "https://registry.yarnpkg.com/@vue/compiler-dom/-/compiler-dom-3.3.9.tgz#67315ea4193d9d18c7a710889b8f90f7aa3914d2"
  integrity sha512-nfWubTtLXuT4iBeDSZ5J3m218MjOy42Vp2pmKVuBKo2/BLcrFUX8nCSr/bKRFiJ32R8qbdnnnBgRn9AdU5v0Sg==
  dependencies:
    "@vue/compiler-core" "3.3.9"
    "@vue/shared" "3.3.9"

"@vue/compiler-sfc@3.3.9":
  version "3.3.9"
  resolved "https://registry.yarnpkg.com/@vue/compiler-sfc/-/compiler-sfc-3.3.9.tgz#5900906baba1a90389200d81753ad0f7ceb98a83"
  integrity sha512-wy0CNc8z4ihoDzjASCOCsQuzW0A/HP27+0MDSSICMjVIFzk/rFViezkR3dzH+miS2NDEz8ywMdbjO5ylhOLI2A==
  dependencies:
    "@babel/parser" "^7.23.3"
    "@vue/compiler-core" "3.3.9"
    "@vue/compiler-dom" "3.3.9"
    "@vue/compiler-ssr" "3.3.9"
    "@vue/reactivity-transform" "3.3.9"
    "@vue/shared" "3.3.9"
    estree-walker "^2.0.2"
    magic-string "^0.30.5"
    postcss "^8.4.31"
    source-map-js "^1.0.2"

"@vue/compiler-ssr@3.3.9":
  version "3.3.9"
  resolved "https://registry.yarnpkg.com/@vue/compiler-ssr/-/compiler-ssr-3.3.9.tgz#3b3dbfa5368165fa4ff74c060503b4087ec1beed"
  integrity sha512-NO5oobAw78R0G4SODY5A502MGnDNiDjf6qvhn7zD7TJGc8XDeIEw4fg6JU705jZ/YhuokBKz0A5a/FL/XZU73g==
  dependencies:
    "@vue/compiler-dom" "3.3.9"
    "@vue/shared" "3.3.9"

"@vue/devtools-api@^6.5.0":
  version "6.5.1"
  resolved "https://registry.yarnpkg.com/@vue/devtools-api/-/devtools-api-6.5.1.tgz#7f71f31e40973eeee65b9a64382b13593fdbd697"
  integrity sha512-+KpckaAQyfbvshdDW5xQylLni1asvNSGme1JFs8I1+/H5pHEhqUKMEQD/qn3Nx5+/nycBq11qAEi8lk+LXI2dA==

"@vue/language-core@1.8.24":
  version "1.8.24"
  resolved "https://registry.yarnpkg.com/@vue/language-core/-/language-core-1.8.24.tgz#ceb844b6dff6b7897d4ec8a2fd8eb6e9db8027fe"
  integrity sha512-2ClHvij0WlsDWryPzXJCSpPc6rusZFNoVtRZGgGGkKCmKuIREDDKmH8j+1tYyxPYyH0qL6pZ6+IHD8KIm5nWAw==
  dependencies:
    "@volar/language-core" "~1.11.1"
    "@volar/source-map" "~1.11.1"
    "@vue/compiler-dom" "^3.3.0"
    "@vue/shared" "^3.3.0"
    computeds "^0.0.1"
    minimatch "^9.0.3"
    muggle-string "^0.3.1"
    path-browserify "^1.0.1"
    vue-template-compiler "^2.7.14"

"@vue/reactivity-transform@3.3.9":
  version "3.3.9"
  resolved "https://registry.yarnpkg.com/@vue/reactivity-transform/-/reactivity-transform-3.3.9.tgz#5d894dd9a42a422a2db309babb385f9a2529b52f"
  integrity sha512-HnUFm7Ry6dFa4Lp63DAxTixUp8opMtQr6RxQCpDI1vlh12rkGIeYqMvJtK+IKyEfEOa2I9oCkD1mmsPdaGpdVg==
  dependencies:
    "@babel/parser" "^7.23.3"
    "@vue/compiler-core" "3.3.9"
    "@vue/shared" "3.3.9"
    estree-walker "^2.0.2"
    magic-string "^0.30.5"

"@vue/reactivity@3.3.9":
  version "3.3.9"
  resolved "https://registry.yarnpkg.com/@vue/reactivity/-/reactivity-3.3.9.tgz#e28e8071bd74edcdd9c87b667ad00e8fbd8d6920"
  integrity sha512-VmpIqlNp+aYDg2X0xQhJqHx9YguOmz2UxuUJDckBdQCNkipJvfk9yA75woLWElCa0Jtyec3lAAt49GO0izsphw==
  dependencies:
    "@vue/shared" "3.3.9"

"@vue/runtime-core@3.3.9":
  version "3.3.9"
  resolved "https://registry.yarnpkg.com/@vue/runtime-core/-/runtime-core-3.3.9.tgz#c835b77f7dc7ae5f251e93f277b54963ea1b5c31"
  integrity sha512-xxaG9KvPm3GTRuM4ZyU8Tc+pMVzcu6eeoSRQJ9IE7NmCcClW6z4B3Ij6L4EDl80sxe/arTtQ6YmgiO4UZqRc+w==
  dependencies:
    "@vue/reactivity" "3.3.9"
    "@vue/shared" "3.3.9"

"@vue/runtime-dom@3.3.9":
  version "3.3.9"
  resolved "https://registry.yarnpkg.com/@vue/runtime-dom/-/runtime-dom-3.3.9.tgz#68081d981695a229d72f431fed0b0cdd9161ce53"
  integrity sha512-e7LIfcxYSWbV6BK1wQv9qJyxprC75EvSqF/kQKe6bdZEDNValzeRXEVgiX7AHI6hZ59HA4h7WT5CGvm69vzJTQ==
  dependencies:
    "@vue/runtime-core" "3.3.9"
    "@vue/shared" "3.3.9"
    csstype "^3.1.2"

"@vue/server-renderer@3.3.9":
  version "3.3.9"
  resolved "https://registry.yarnpkg.com/@vue/server-renderer/-/server-renderer-3.3.9.tgz#ffb41bc9c7afafcc608d0c500e9d6b0af7d68fad"
  integrity sha512-w0zT/s5l3Oa3ZjtLW88eO4uV6AQFqU8X5GOgzq7SkQQu6vVr+8tfm+OI2kDBplS/W/XgCBuFXiPw6T5EdwXP0A==
  dependencies:
    "@vue/compiler-ssr" "3.3.9"
    "@vue/shared" "3.3.9"

"@vue/shared@3.3.9", "@vue/shared@^3.3.0":
  version "3.3.9"
  resolved "https://registry.yarnpkg.com/@vue/shared/-/shared-3.3.9.tgz#df740d26d338faf03e09ca662a8031acf66051db"
  integrity sha512-ZE0VTIR0LmYgeyhurPTpy4KzKsuDyQbMSdM49eKkMnT5X4VfFBLysMzjIZhLEFQYjjOVVfbvUDHckwjDFiO2eA==

"@vueuse/core@^9.1.0":
  version "9.13.0"
  resolved "https://registry.yarnpkg.com/@vueuse/core/-/core-9.13.0.tgz#2f69e66d1905c1e4eebc249a01759cf88ea00cf4"
  integrity sha512-pujnclbeHWxxPRqXWmdkKV5OX4Wk4YeK7wusHqRwU0Q7EFusHoqNA/aPhB6KCh9hEqJkLAJo7bb0Lh9b+OIVzw==
  dependencies:
    "@types/web-bluetooth" "^0.0.16"
    "@vueuse/metadata" "9.13.0"
    "@vueuse/shared" "9.13.0"
    vue-demi "*"

"@vueuse/metadata@9.13.0":
  version "9.13.0"
  resolved "https://registry.yarnpkg.com/@vueuse/metadata/-/metadata-9.13.0.tgz#bc25a6cdad1b1a93c36ce30191124da6520539ff"
  integrity sha512-gdU7TKNAUVlXXLbaF+ZCfte8BjRJQWPCa2J55+7/h+yDtzw3vOoGQDRXzI6pyKyo6bXFT5/QoPE4hAknExjRLQ==

"@vueuse/shared@9.13.0":
  version "9.13.0"
  resolved "https://registry.yarnpkg.com/@vueuse/shared/-/shared-9.13.0.tgz#089ff4cc4e2e7a4015e57a8f32e4b39d096353b9"
  integrity sha512-UrnhU+Cnufu4S6JLCPZnkWh0WwZGUp72ktOF2DFptMlOs3TOdVv8xJN53zhHGARmVOsz5KqOls09+J1NR6sBKw==
  dependencies:
    vue-demi "*"

anymatch@~3.1.2:
  version "3.1.3"
  resolved "https://registry.yarnpkg.com/anymatch/-/anymatch-3.1.3.tgz#790c58b19ba1720a84205b57c618d5ad8524973e"
  integrity sha512-KMReFUr0B4t+D+OBkjR3KYqvocp2XaSzO55UcB6mgQMd3KbcE+mWTyvVV7D/zsdEbNnV6acZUutkiHQXvTr1Rw==
  dependencies:
    normalize-path "^3.0.0"
    picomatch "^2.0.4"

async-validator@^4.2.5:
  version "4.2.5"
  resolved "https://registry.yarnpkg.com/async-validator/-/async-validator-4.2.5.tgz#c96ea3332a521699d0afaaceed510a54656c6339"
  integrity sha512-7HhHjtERjqlNbZtqNqy2rckN/SpOOlmDliet+lP7k+eKZEjPk3DgyeU9lIXLdeLz0uBbbVp+9Qdow9wJWgwwfg==

asynckit@^0.4.0:
  version "0.4.0"
  resolved "https://registry.yarnpkg.com/asynckit/-/asynckit-0.4.0.tgz#c79ed97f7f34cb8f2ba1bc9790bcc366474b4b79"
  integrity sha512-Oei9OH4tRh0YqU3GxhX79dM/mwVgvbZJaSNaRk+bshkj0S5cfHcgYakreBjrHwatXKbz+IoIdYLxrKim2MjW0Q==

axios@^1.6.2:
  version "1.6.2"
  resolved "https://registry.yarnpkg.com/axios/-/axios-1.6.2.tgz#de67d42c755b571d3e698df1b6504cde9b0ee9f2"
  integrity sha512-7i24Ri4pmDRfJTR7LDBhsOTtcm+9kjX5WiY1X3wIisx6G9So3pfMkEiU7emUBe46oceVImccTEM3k6C5dbVW8A==
  dependencies:
    follow-redirects "^1.15.0"
    form-data "^4.0.0"
    proxy-from-env "^1.1.0"

balanced-match@^1.0.0:
  version "1.0.2"
  resolved "https://registry.yarnpkg.com/balanced-match/-/balanced-match-1.0.2.tgz#e83e3a7e3f300b34cb9d87f615fa0cbf357690ee"
  integrity sha512-3oSeUO0TMV67hN1AmbXsK4yaqU7tjiHlbxRDZOpH0KW9+CeX4bRAaX0Anxt0tx2MrpRpWwQaPwIlISEJhYU5Pw==

binary-extensions@^2.0.0:
  version "2.2.0"
  resolved "https://registry.yarnpkg.com/binary-extensions/-/binary-extensions-2.2.0.tgz#75f502eeaf9ffde42fc98829645be4ea76bd9e2d"
  integrity sha512-jDctJ/IVQbZoJykoeHbhXpOlNBqGNcwXJKJog42E5HDPUwQTSdjCHdihjj0DlnheQ7blbT6dHOafNAiS8ooQKA==

brace-expansion@^2.0.1:
  version "2.0.1"
  resolved "https://registry.yarnpkg.com/brace-expansion/-/brace-expansion-2.0.1.tgz#1edc459e0f0c548486ecf9fc99f2221364b9a0ae"
  integrity sha512-XnAIvQ8eM+kC6aULx6wuQiwVsnzsi9d3WxzV3FpWTGA19F621kwdbsAcFKXgKUHZWsy+mY6iL1sHTxWEFCytDA==
  dependencies:
    balanced-match "^1.0.0"

braces@~3.0.2:
  version "3.0.2"
  resolved "https://registry.yarnpkg.com/braces/-/braces-3.0.2.tgz#3454e1a462ee8d599e236df336cd9ea4f8afe107"
  integrity sha512-b8um+L1RzM3WDSzvhm6gIz1yfTbBt6YTlcEKAvsmqCZZFw46z626lVj9j1yEPW33H5H+lBQpZMP1k8l+78Ha0A==
  dependencies:
    fill-range "^7.0.1"

"chokidar@>=3.0.0 <4.0.0":
  version "3.5.3"
  resolved "https://registry.yarnpkg.com/chokidar/-/chokidar-3.5.3.tgz#1cf37c8707b932bd1af1ae22c0432e2acd1903bd"
  integrity sha512-Dr3sfKRP6oTcjf2JmUmFJfeVMvXBdegxB0iVQ5eb2V10uFJUCAS8OByZdVAyVb8xXNz3GjjTgj9kLWsZTqE6kw==
  dependencies:
    anymatch "~3.1.2"
    braces "~3.0.2"
    glob-parent "~5.1.2"
    is-binary-path "~2.1.0"
    is-glob "~4.0.1"
    normalize-path "~3.0.0"
    readdirp "~3.6.0"
  optionalDependencies:
    fsevents "~2.3.2"

combined-stream@^1.0.8:
  version "1.0.8"
  resolved "https://registry.yarnpkg.com/combined-stream/-/combined-stream-1.0.8.tgz#c3d45a8b34fd730631a110a8a2520682b31d5a7f"
  integrity sha512-FQN4MRfuJeHf7cBbBMJFXhKSDq+2kAArBlmRBvcvFE5BB1HZKXtSFASDhdlz9zOYwxh8lDdnvmMOe/+5cdoEdg==
  dependencies:
    delayed-stream "~1.0.0"

computeds@^0.0.1:
  version "0.0.1"
  resolved "https://registry.yarnpkg.com/computeds/-/computeds-0.0.1.tgz#215b08a4ba3e08a11ff6eee5d6d8d7166a97ce2e"
  integrity sha512-7CEBgcMjVmitjYo5q8JTJVra6X5mQ20uTThdK+0kR7UEaDrAWEQcRiBtWJzga4eRpP6afNwwLsX2SET2JhVB1Q==

csstype@^3.1.2:
  version "3.1.2"
  resolved "https://registry.yarnpkg.com/csstype/-/csstype-3.1.2.tgz#1d4bf9d572f11c14031f0436e1c10bc1f571f50b"
  integrity sha512-I7K1Uu0MBPzaFKg4nI5Q7Vs2t+3gWWW648spaF+Rg7pI9ds18Ugn+lvg4SHczUdKlHI5LWBXyqfS8+DufyBsgQ==

dayjs@^1.11.3:
  version "1.11.10"
  resolved "https://registry.yarnpkg.com/dayjs/-/dayjs-1.11.10.tgz#68acea85317a6e164457d6d6947564029a6a16a0"
  integrity sha512-vjAczensTgRcqDERK0SR2XMwsF/tSvnvlv6VcF2GIhg6Sx4yOIt/irsr1RDJsKiIyBzJDpCoXiWWq28MqH2cnQ==

de-indent@^1.0.2:
  version "1.0.2"
  resolved "https://registry.yarnpkg.com/de-indent/-/de-indent-1.0.2.tgz#b2038e846dc33baa5796128d0804b455b8c1e21d"
  integrity sha512-e/1zu3xH5MQryN2zdVaF0OrdNLUbvWxzMbi+iNA6Bky7l1RoP8a2fIbRocyHclXt/arDrrR6lL3TqFD9pMQTsg==

debug@~4.3.1, debug@~4.3.2:
  version "4.3.4"
  resolved "https://registry.yarnpkg.com/debug/-/debug-4.3.4.tgz#1319f6579357f2338d3337d2cdd4914bb5dcc865"
  integrity sha512-PRWFHuSU3eDtQJPvnNY7Jcket1j0t5OuOsFzPPzsekD52Zl8qUfFIPEiswXqIvHWGVHOgX+7G/vCNNhehwxfkQ==
  dependencies:
    ms "2.1.2"

delayed-stream@~1.0.0:
  version "1.0.0"
  resolved "https://registry.yarnpkg.com/delayed-stream/-/delayed-stream-1.0.0.tgz#df3ae199acadfb7d440aaae0b29e2272b24ec619"
  integrity sha512-ZySD7Nf91aLB0RxL4KGrKHBXl7Eds1DAmEdcoVawXnLD7SDhpNgtuII2aAkg7a7QS41jxPSZ17p4VdGnMHk3MQ==

element-plus@^2.4.3:
  version "2.4.3"
  resolved "https://registry.yarnpkg.com/element-plus/-/element-plus-2.4.3.tgz#ff21d0207d71752eb6a47a46609bc667f222841f"
  integrity sha512-b3q26j+lM4SBqiyzw8HybybGnP2pk4MWgrnzzzYW5qKQUgV6EG1Zg7nMCfgCVccI8tNvZoTiUHb2mFaiB9qT8w==
  dependencies:
    "@ctrl/tinycolor" "^3.4.1"
    "@element-plus/icons-vue" "^2.3.1"
    "@floating-ui/dom" "^1.0.1"
    "@popperjs/core" "npm:@sxzz/popperjs-es@^2.11.7"
    "@types/lodash" "^4.14.182"
    "@types/lodash-es" "^4.17.6"
    "@vueuse/core" "^9.1.0"
    async-validator "^4.2.5"
    dayjs "^1.11.3"
    escape-html "^1.0.3"
    lodash "^4.17.21"
    lodash-es "^4.17.21"
    lodash-unified "^1.0.2"
    memoize-one "^6.0.0"
    normalize-wheel-es "^1.2.0"

engine.io-client@~6.5.2:
  version "6.5.3"
  resolved "https://registry.yarnpkg.com/engine.io-client/-/engine.io-client-6.5.3.tgz#4cf6fa24845029b238f83c628916d9149c399bc5"
  integrity sha512-9Z0qLB0NIisTRt1DZ/8U2k12RJn8yls/nXMZLn+/N8hANT3TcYjKFKcwbw5zFQiN4NTde3TSY9zb79e1ij6j9Q==
  dependencies:
    "@socket.io/component-emitter" "~3.1.0"
    debug "~4.3.1"
    engine.io-parser "~5.2.1"
    ws "~8.11.0"
    xmlhttprequest-ssl "~2.0.0"

engine.io-parser@~5.2.1:
  version "5.2.1"
  resolved "https://registry.yarnpkg.com/engine.io-parser/-/engine.io-parser-5.2.1.tgz#9f213c77512ff1a6cc0c7a86108a7ffceb16fcfb"
  integrity sha512-9JktcM3u18nU9N2Lz3bWeBgxVgOKpw7yhRaoxQA3FUDZzzw+9WlA6p4G4u0RixNkg14fH7EfEc/RhpurtiROTQ==

esbuild@^0.19.3:
  version "0.19.8"
  resolved "https://registry.yarnpkg.com/esbuild/-/esbuild-0.19.8.tgz#ad05b72281d84483fa6b5345bd246c27a207b8f1"
  integrity sha512-l7iffQpT2OrZfH2rXIp7/FkmaeZM0vxbxN9KfiCwGYuZqzMg/JdvX26R31Zxn/Pxvsrg3Y9N6XTcnknqDyyv4w==
  optionalDependencies:
    "@esbuild/android-arm" "0.19.8"
    "@esbuild/android-arm64" "0.19.8"
    "@esbuild/android-x64" "0.19.8"
    "@esbuild/darwin-arm64" "0.19.8"
    "@esbuild/darwin-x64" "0.19.8"
    "@esbuild/freebsd-arm64" "0.19.8"
    "@esbuild/freebsd-x64" "0.19.8"
    "@esbuild/linux-arm" "0.19.8"
    "@esbuild/linux-arm64" "0.19.8"
    "@esbuild/linux-ia32" "0.19.8"
    "@esbuild/linux-loong64" "0.19.8"
    "@esbuild/linux-mips64el" "0.19.8"
    "@esbuild/linux-ppc64" "0.19.8"
    "@esbuild/linux-riscv64" "0.19.8"
    "@esbuild/linux-s390x" "0.19.8"
    "@esbuild/linux-x64" "0.19.8"
    "@esbuild/netbsd-x64" "0.19.8"
    "@esbuild/openbsd-x64" "0.19.8"
    "@esbuild/sunos-x64" "0.19.8"
    "@esbuild/win32-arm64" "0.19.8"
    "@esbuild/win32-ia32" "0.19.8"
    "@esbuild/win32-x64" "0.19.8"

escape-html@^1.0.3:
  version "1.0.3"
  resolved "https://registry.yarnpkg.com/escape-html/-/escape-html-1.0.3.tgz#0258eae4d3d0c0974de1c169188ef0051d1d1988"
  integrity sha512-NiSupZ4OeuGwr68lGIeym/ksIZMJodUGOSCZ/FSnTxcrekbvqrgdUxlJOMpijaKZVjAJrWrGs/6Jy8OMuyj9ow==

estree-walker@^2.0.2:
  version "2.0.2"
  resolved "https://registry.yarnpkg.com/estree-walker/-/estree-walker-2.0.2.tgz#52f010178c2a4c117a7757cfe942adb7d2da4cac"
  integrity sha512-Rfkk/Mp/DL7JVje3u18FxFujQlTNR2q6QfMSMB7AvCBx91NGj/ba3kCfza0f6dVDbw7YlRf/nDrn7pQrCCyQ/w==

fill-range@^7.0.1:
  version "7.0.1"
  resolved "https://registry.yarnpkg.com/fill-range/-/fill-range-7.0.1.tgz#1919a6a7c75fe38b2c7c77e5198535da9acdda40"
  integrity sha512-qOo9F+dMUmC2Lcb4BbVvnKJxTPjCm+RRpe4gDuGrzkL7mEVl/djYSu2OdQ2Pa302N4oqkSg9ir6jaLWJ2USVpQ==
  dependencies:
    to-regex-range "^5.0.1"

follow-redirects@^1.15.0:
  version "1.15.3"
  resolved "https://registry.yarnpkg.com/follow-redirects/-/follow-redirects-1.15.3.tgz#fe2f3ef2690afce7e82ed0b44db08165b207123a"
  integrity sha512-1VzOtuEM8pC9SFU1E+8KfTjZyMztRsgEfwQl44z8A25uy13jSzTj6dyK2Df52iV0vgHCfBwLhDWevLn95w5v6Q==

form-data@^4.0.0:
  version "4.0.0"
  resolved "https://registry.yarnpkg.com/form-data/-/form-data-4.0.0.tgz#93919daeaf361ee529584b9b31664dc12c9fa452"
  integrity sha512-ETEklSGi5t0QMZuiXoA/Q6vcnxcLQP5vdugSpuAyi6SVGi2clPPp+xgEhuMaHC+zGgn31Kd235W35f7Hykkaww==
  dependencies:
    asynckit "^0.4.0"
    combined-stream "^1.0.8"
    mime-types "^2.1.12"

fsevents@~2.3.2, fsevents@~2.3.3:
  version "2.3.3"
  resolved "https://registry.yarnpkg.com/fsevents/-/fsevents-2.3.3.tgz#cac6407785d03675a2a5e1a5305c697b347d90d6"
  integrity sha512-5xoDfX+fL7faATnagmWPpbFtwh/R77WmMMqqHGS65C3vvB0YHrgF+B1YmZ3441tMj5n63k0212XNoJwzlhffQw==

glob-parent@~5.1.2:
  version "5.1.2"
  resolved "https://registry.yarnpkg.com/glob-parent/-/glob-parent-5.1.2.tgz#869832c58034fe68a4093c17dc15e8340d8401c4"
  integrity sha512-AOIgSQCepiJYwP3ARnGx+5VnTu2HBYdzbGP45eLw1vr3zB3vZLeyed1sC9hnbcOc9/SrMyM5RPQrkGz4aS9Zow==
  dependencies:
    is-glob "^4.0.1"

he@^1.2.0:
  version "1.2.0"
  resolved "https://registry.yarnpkg.com/he/-/he-1.2.0.tgz#84ae65fa7eafb165fddb61566ae14baf05664f0f"
  integrity sha512-F/1DnUGPopORZi0ni+CvrCgHQ5FyEAHRLSApuYWMmrbSwoN2Mn/7k+Gl38gJnR7yyDZk6WLXwiGod1JOWNDKGw==

immutable@^4.0.0:
  version "4.3.4"
  resolved "https://registry.yarnpkg.com/immutable/-/immutable-4.3.4.tgz#2e07b33837b4bb7662f288c244d1ced1ef65a78f"
  integrity sha512-fsXeu4J4i6WNWSikpI88v/PcVflZz+6kMhUfIwc5SY+poQRPnaf5V7qds6SUyUN3cVxEzuCab7QIoLOQ+DQ1wA==

is-binary-path@~2.1.0:
  version "2.1.0"
  resolved "https://registry.yarnpkg.com/is-binary-path/-/is-binary-path-2.1.0.tgz#ea1f7f3b80f064236e83470f86c09c254fb45b09"
  integrity sha512-ZMERYes6pDydyuGidse7OsHxtbI7WVeUEozgR/g7rd0xUimYNlvZRE/K2MgZTjWy725IfelLeVcEM97mmtRGXw==
  dependencies:
    binary-extensions "^2.0.0"

is-extglob@^2.1.1:
  version "2.1.1"
  resolved "https://registry.yarnpkg.com/is-extglob/-/is-extglob-2.1.1.tgz#a88c02535791f02ed37c76a1b9ea9773c833f8c2"
  integrity sha512-SbKbANkN603Vi4jEZv49LeVJMn4yGwsbzZworEoyEiutsN3nJYdbO36zfhGJ6QEDpOZIFkDtnq5JRxmvl3jsoQ==

is-glob@^4.0.1, is-glob@~4.0.1:
  version "4.0.3"
  resolved "https://registry.yarnpkg.com/is-glob/-/is-glob-4.0.3.tgz#64f61e42cbbb2eec2071a9dac0b28ba1e65d5084"
  integrity sha512-xelSayHH36ZgE7ZWhli7pW34hNbNl8Ojv5KVmkJD4hBdD3th8Tfk9vYasLM+mXWOZhFkgZfxhLSnrwRr4elSSg==
  dependencies:
    is-extglob "^2.1.1"

is-number@^7.0.0:
  version "7.0.0"
  resolved "https://registry.yarnpkg.com/is-number/-/is-number-7.0.0.tgz#7535345b896734d5f80c4d06c50955527a14f12b"
  integrity sha512-41Cifkg6e8TylSpdtTpeLVMqvSBEVzTttHvERD741+pnZ8ANv0004MRL43QKPDlK9cGvNp6NZWZUBlbGXYxxng==

js-md5@^0.8.3:
  version "0.8.3"
  resolved "https://registry.yarnpkg.com/js-md5/-/js-md5-0.8.3.tgz#921bab7efa95bfc9d62b87ee08a57f8fe4305b69"
  integrity sha512-qR0HB5uP6wCuRMrWPTrkMaev7MJZwJuuw4fnwAzRgP4J4/F8RwtodOKpGp4XpqsLBFzzgqIO42efFAyz2Et6KQ==

jwt-decode@^4.0.0:
  version "4.0.0"
  resolved "https://registry.yarnpkg.com/jwt-decode/-/jwt-decode-4.0.0.tgz#2270352425fd413785b2faf11f6e755c5151bd4b"
  integrity sha512-+KJGIyHgkGuIq3IEBNftfhW/LfWhXUIY6OmyVWjliu5KH1y0fw7VQ8YndE2O4qZdMSd9SqbnC8GOcZEy0Om7sA==

lodash-es@^4.17.21:
  version "4.17.21"
  resolved "https://registry.yarnpkg.com/lodash-es/-/lodash-es-4.17.21.tgz#43e626c46e6591b7750beb2b50117390c609e3ee"
  integrity sha512-mKnC+QJ9pWVzv+C4/U3rRsHapFfHvQFoFB92e52xeyGMcX6/OlIl78je1u8vePzYZSkkogMPJ2yjxxsb89cxyw==

lodash-unified@^1.0.2:
  version "1.0.3"
  resolved "https://registry.yarnpkg.com/lodash-unified/-/lodash-unified-1.0.3.tgz#80b1eac10ed2eb02ed189f08614a29c27d07c894"
  integrity sha512-WK9qSozxXOD7ZJQlpSqOT+om2ZfcT4yO+03FuzAHD0wF6S0l0090LRPDx3vhTTLZ8cFKpBn+IOcVXK6qOcIlfQ==

lodash@^4.17.21:
  version "4.17.21"
  resolved "https://registry.yarnpkg.com/lodash/-/lodash-4.17.21.tgz#679591c564c3bffaae8454cf0b3df370c3d6911c"
  integrity sha512-v2kDEe57lecTulaDIuNTPy3Ry4gLGJ6Z1O3vE1krgXZNrsQ+LFTGHVxVjcXPs17LhbZVGedAJv8XZ1tvj5FvSg==

lru-cache@^6.0.0:
  version "6.0.0"
  resolved "https://registry.yarnpkg.com/lru-cache/-/lru-cache-6.0.0.tgz#6d6fe6570ebd96aaf90fcad1dafa3b2566db3a94"
  integrity sha512-Jo6dJ04CmSjuznwJSS3pUeWmd/H0ffTlkXXgwZi+eq1UCmqQwCh+eLsYOYCwY991i2Fah4h1BEMCx4qThGbsiA==
  dependencies:
    yallist "^4.0.0"

magic-string@^0.30.5:
  version "0.30.5"
  resolved "https://registry.yarnpkg.com/magic-string/-/magic-string-0.30.5.tgz#1994d980bd1c8835dc6e78db7cbd4ae4f24746f9"
  integrity sha512-7xlpfBaQaP/T6Vh8MO/EqXSW5En6INHEvEXQiuff7Gku0PWjU3uf6w/j9o7O+SpB5fOAkrI5HeoNgwjEO0pFsA==
  dependencies:
    "@jridgewell/sourcemap-codec" "^1.4.15"

memoize-one@^6.0.0:
  version "6.0.0"
  resolved "https://registry.yarnpkg.com/memoize-one/-/memoize-one-6.0.0.tgz#b2591b871ed82948aee4727dc6abceeeac8c1045"
  integrity sha512-rkpe71W0N0c0Xz6QD0eJETuWAJGnJ9afsl1srmwPrI+yBCkge5EycXXbYRyvL29zZVUWQCY7InPRCv3GDXuZNw==

mime-db@1.52.0:
  version "1.52.0"
  resolved "https://registry.yarnpkg.com/mime-db/-/mime-db-1.52.0.tgz#bbabcdc02859f4987301c856e3387ce5ec43bf70"
  integrity sha512-sPU4uV7dYlvtWJxwwxHD0PuihVNiE7TyAbQ5SWxDCB9mUYvOgroQOwYQQOKPJ8CIbE+1ETVlOoK1UC2nU3gYvg==

mime-types@^2.1.12:
  version "2.1.35"
  resolved "https://registry.yarnpkg.com/mime-types/-/mime-types-2.1.35.tgz#381a871b62a734450660ae3deee44813f70d959a"
  integrity sha512-ZDY+bPm5zTTF+YpCrAU9nK0UgICYPT0QtT1NZWFv4s++TNkcgVaT0g6+4R2uI4MjQjzysHB1zxuWL50hzaeXiw==
  dependencies:
    mime-db "1.52.0"

minimatch@^9.0.3:
  version "9.0.3"
  resolved "https://registry.yarnpkg.com/minimatch/-/minimatch-9.0.3.tgz#a6e00c3de44c3a542bfaae70abfc22420a6da825"
  integrity sha512-RHiac9mvaRw0x3AYRgDC1CxAP7HTcNrrECeA8YYJeWnpo+2Q5CegtZjaotWTWxDG3UeGA1coE05iH1mPjT/2mg==
  dependencies:
    brace-expansion "^2.0.1"

ms@2.1.2:
  version "2.1.2"
  resolved "https://registry.yarnpkg.com/ms/-/ms-2.1.2.tgz#d09d1f357b443f493382a8eb3ccd183872ae6009"
  integrity sha512-sGkPx+VjMtmA6MX27oA4FBFELFCZZ4S4XqeGOXCv68tT+jb3vk/RyaKWP0PTKyWtmLSM0b+adUTEvbs1PEaH2w==

muggle-string@^0.3.1:
  version "0.3.1"
  resolved "https://registry.yarnpkg.com/muggle-string/-/muggle-string-0.3.1.tgz#e524312eb1728c63dd0b2ac49e3282e6ed85963a"
  integrity sha512-ckmWDJjphvd/FvZawgygcUeQCxzvohjFO5RxTjj4eq8kw359gFF3E1brjfI+viLMxss5JrHTDRHZvu2/tuy0Qg==

nanoid@^3.3.6:
  version "3.3.7"
  resolved "https://registry.yarnpkg.com/nanoid/-/nanoid-3.3.7.tgz#d0c301a691bc8d54efa0a2226ccf3fe2fd656bd8"
  integrity sha512-eSRppjcPIatRIMC1U6UngP8XFcz8MQWGQdt1MTBQ7NaAmvXDfvNxbvWV3x2y6CdEUciCSsDHDQZbhYaB8QEo2g==

neo-async@^2.6.2:
  version "2.6.2"
  resolved "https://registry.yarnpkg.com/neo-async/-/neo-async-2.6.2.tgz#b4aafb93e3aeb2d8174ca53cf163ab7d7308305f"
  integrity sha512-Yd3UES5mWCSqR+qNT93S3UoYUkqAZ9lLg8a7g9rimsWmYGK8cVToA4/sF3RrshdyV3sAGMXVUmpMYOw+dLpOuw==

normalize-path@^3.0.0, normalize-path@~3.0.0:
  version "3.0.0"
  resolved "https://registry.yarnpkg.com/normalize-path/-/normalize-path-3.0.0.tgz#0dcd69ff23a1c9b11fd0978316644a0388216a65"
  integrity sha512-6eZs5Ls3WtCisHWp9S2GUy8dqkpGi4BVSz3GaqiE6ezub0512ESztXUwUB6C6IKbQkY2Pnb/mD4WYojCRwcwLA==

normalize-wheel-es@^1.2.0:
  version "1.2.0"
  resolved "https://registry.yarnpkg.com/normalize-wheel-es/-/normalize-wheel-es-1.2.0.tgz#0fa2593d619f7245a541652619105ab076acf09e"
  integrity sha512-Wj7+EJQ8mSuXr2iWfnujrimU35R2W4FAErEyTmJoJ7ucwTn2hOUSsRehMb5RSYkxXGTM7Y9QpvPmp++w5ftoJw==

path-browserify@^1.0.1:
  version "1.0.1"
  resolved "https://registry.yarnpkg.com/path-browserify/-/path-browserify-1.0.1.tgz#d98454a9c3753d5790860f16f68867b9e46be1fd"
  integrity sha512-b7uo2UCUOYZcnF/3ID0lulOJi/bafxa1xPe7ZPsammBSpjSWQkjNxlt635YGS2MiR9GjvuXCtz2emr3jbsz98g==

picocolors@^1.0.0:
  version "1.0.0"
  resolved "https://registry.yarnpkg.com/picocolors/-/picocolors-1.0.0.tgz#cb5bdc74ff3f51892236eaf79d68bc44564ab81c"
  integrity sha512-1fygroTLlHu66zi26VoTDv8yRgm0Fccecssto+MhsZ0D/DGW2sm8E8AjW7NU5VVTRt5GxbeZ5qBuJr+HyLYkjQ==

picomatch@^2.0.4, picomatch@^2.2.1:
  version "2.3.1"
  resolved "https://registry.yarnpkg.com/picomatch/-/picomatch-2.3.1.tgz#3ba3833733646d9d3e4995946c1365a67fb07a42"
  integrity sha512-JU3teHTNjmE2VCGFzuY8EXzCDVwEqB2a8fsIvwaStHhAWJEeVd1o1QD80CU6+ZdEXXSLbSsuLwJjkCBWqRQUVA==

pinia-plugin-persistedstate@^3.2.0:
  version "3.2.0"
  resolved "https://registry.yarnpkg.com/pinia-plugin-persistedstate/-/pinia-plugin-persistedstate-3.2.0.tgz#9932ca2ae88aa6c0d6763bebc6447d7bd1f097d0"
  integrity sha512-tZbNGf2vjAQcIm7alK40sE51Qu/m9oWr+rEgNm/2AWr1huFxj72CjvpQcIQzMknDBJEkQznCLAGtJTIcLKrKdw==

pinia@^2.1.7:
  version "2.1.7"
  resolved "https://registry.yarnpkg.com/pinia/-/pinia-2.1.7.tgz#4cf5420d9324ca00b7b4984d3fbf693222115bbc"
  integrity sha512-+C2AHFtcFqjPih0zpYuvof37SFxMQ7OEG2zV9jRI12i9BOy3YQVAHwdKtyyc8pDcDyIc33WCIsZaCFWU7WWxGQ==
  dependencies:
    "@vue/devtools-api" "^6.5.0"
    vue-demi ">=0.14.5"

postcss@^8.4.31:
  version "8.4.31"
  resolved "https://registry.yarnpkg.com/postcss/-/postcss-8.4.31.tgz#92b451050a9f914da6755af352bdc0192508656d"
  integrity sha512-PS08Iboia9mts/2ygV3eLpY5ghnUcfLV/EXTOW1E2qYxJKGGBUtNjN76FYHnMs36RmARn41bC0AZmn+rR0OVpQ==
  dependencies:
    nanoid "^3.3.6"
    picocolors "^1.0.0"
    source-map-js "^1.0.2"

proxy-from-env@^1.1.0:
  version "1.1.0"
  resolved "https://registry.yarnpkg.com/proxy-from-env/-/proxy-from-env-1.1.0.tgz#e102f16ca355424865755d2c9e8ea4f24d58c3e2"
  integrity sha512-D+zkORCbA9f1tdWRK0RaCR3GPv50cMxcrz4X8k5LTSUD1Dkw47mKJEZQNunItRTkWwgtaUSo1RVFRIG9ZXiFYg==

readdirp@~3.6.0:
  version "3.6.0"
  resolved "https://registry.yarnpkg.com/readdirp/-/readdirp-3.6.0.tgz#74a370bd857116e245b29cc97340cd431a02a6c7"
  integrity sha512-hOS089on8RduqdbhvQ5Z37A0ESjsqz6qnRcffsMU3495FuTdqSm+7bhJ29JvIOsBDEEnan5DPu9t3To9VRlMzA==
  dependencies:
    picomatch "^2.2.1"

rollup@^4.2.0:
  version "4.6.1"
  resolved "https://registry.yarnpkg.com/rollup/-/rollup-4.6.1.tgz#351501c86b5b4f976dde8c5837516452b59921f8"
  integrity sha512-jZHaZotEHQaHLgKr8JnQiDT1rmatjgKlMekyksz+yk9jt/8z9quNjnKNRoaM0wd9DC2QKXjmWWuDYtM3jfF8pQ==
  optionalDependencies:
    "@rollup/rollup-android-arm-eabi" "4.6.1"
    "@rollup/rollup-android-arm64" "4.6.1"
    "@rollup/rollup-darwin-arm64" "4.6.1"
    "@rollup/rollup-darwin-x64" "4.6.1"
    "@rollup/rollup-linux-arm-gnueabihf" "4.6.1"
    "@rollup/rollup-linux-arm64-gnu" "4.6.1"
    "@rollup/rollup-linux-arm64-musl" "4.6.1"
    "@rollup/rollup-linux-x64-gnu" "4.6.1"
    "@rollup/rollup-linux-x64-musl" "4.6.1"
    "@rollup/rollup-win32-arm64-msvc" "4.6.1"
    "@rollup/rollup-win32-ia32-msvc" "4.6.1"
    "@rollup/rollup-win32-x64-msvc" "4.6.1"
    fsevents "~2.3.2"

sass-loader@^13.3.2:
  version "13.3.2"
  resolved "https://registry.yarnpkg.com/sass-loader/-/sass-loader-13.3.2.tgz#460022de27aec772480f03de17f5ba88fa7e18c6"
  integrity sha512-CQbKl57kdEv+KDLquhC+gE3pXt74LEAzm+tzywcA0/aHZuub8wTErbjAoNI57rPUWRYRNC5WUnNl8eGJNbDdwg==
  dependencies:
    neo-async "^2.6.2"

sass@^1.69.5:
  version "1.69.5"
  resolved "https://registry.yarnpkg.com/sass/-/sass-1.69.5.tgz#23e18d1c757a35f2e52cc81871060b9ad653dfde"
  integrity sha512-qg2+UCJibLr2LCVOt3OlPhr/dqVHWOa9XtZf2OjbLs/T4VPSJ00udtgJxH3neXZm+QqX8B+3cU7RaLqp1iVfcQ==
  dependencies:
    chokidar ">=3.0.0 <4.0.0"
    immutable "^4.0.0"
    source-map-js ">=0.6.2 <2.0.0"

semver@^7.5.4:
  version "7.5.4"
  resolved "https://registry.yarnpkg.com/semver/-/semver-7.5.4.tgz#483986ec4ed38e1c6c48c34894a9182dbff68a6e"
  integrity sha512-1bCSESV6Pv+i21Hvpxp3Dx+pSD8lIPt8uVjRrxAUt/nbswYc+tK6Y2btiULjd4+fnq15PX+nqQDC7Oft7WkwcA==
  dependencies:
    lru-cache "^6.0.0"

socket.io-client@^4.7.2:
  version "4.7.2"
  resolved "https://registry.yarnpkg.com/socket.io-client/-/socket.io-client-4.7.2.tgz#f2f13f68058bd4e40f94f2a1541f275157ff2c08"
  integrity sha512-vtA0uD4ibrYD793SOIAwlo8cj6haOeMHrGvwPxJsxH7CeIksqJ+3Zc06RvWTIFgiSqx4A3sOnTXpfAEE2Zyz6w==
  dependencies:
    "@socket.io/component-emitter" "~3.1.0"
    debug "~4.3.2"
    engine.io-client "~6.5.2"
    socket.io-parser "~4.2.4"

socket.io-parser@~4.2.4:
  version "4.2.4"
  resolved "https://registry.yarnpkg.com/socket.io-parser/-/socket.io-parser-4.2.4.tgz#c806966cf7270601e47469ddeec30fbdfda44c83"
  integrity sha512-/GbIKmo8ioc+NIWIhwdecY0ge+qVBSMdgxGygevmdHj24bsfgtCmcUUcQ5ZzcylGFHsN3k4HB4Cgkl96KVnuew==
  dependencies:
    "@socket.io/component-emitter" "~3.1.0"
    debug "~4.3.1"

sortablejs@^1.15.0:
  version "1.15.0"
  resolved "https://registry.yarnpkg.com/sortablejs/-/sortablejs-1.15.0.tgz#53230b8aa3502bb77a29e2005808ffdb4a5f7e2a"
  integrity sha512-bv9qgVMjUMf89wAvM6AxVvS/4MX3sPeN0+agqShejLU5z5GX4C75ow1O2e5k4L6XItUyAK3gH6AxSbXrOM5e8w==

"source-map-js@>=0.6.2 <2.0.0", source-map-js@^1.0.2:
  version "1.0.2"
  resolved "https://registry.yarnpkg.com/source-map-js/-/source-map-js-1.0.2.tgz#adbc361d9c62df380125e7f161f71c826f1e490c"
  integrity sha512-R0XvVJ9WusLiqTCEiGCmICCMplcCkIwwR11mOSD9CR5u+IXYdiseeEuXCVAjS54zqwkLcPNnmU4OeJ6tUrWhDw==

to-regex-range@^5.0.1:
  version "5.0.1"
  resolved "https://registry.yarnpkg.com/to-regex-range/-/to-regex-range-5.0.1.tgz#1648c44aae7c8d988a326018ed72f5b4dd0392e4"
  integrity sha512-65P7iz6X5yEr1cwcgvQxbbIw7Uk3gOy5dIdtZ4rDveLqhrdJP+Li/Hx6tyK0NEb+2GCyneCMJiGqrADCSNk8sQ==
  dependencies:
    is-number "^7.0.0"

typescript@^5.2.2:
  version "5.3.2"
  resolved "https://registry.yarnpkg.com/typescript/-/typescript-5.3.2.tgz#00d1c7c1c46928c5845c1ee8d0cc2791031d4c43"
  integrity sha512-6l+RyNy7oAHDfxC4FzSJcz9vnjTKxrLpDG5M2Vu4SHRVNg6xzqZp6LYSR9zjqQTu8DU/f5xwxUdADOkbrIX2gQ==

undici-types@~5.26.4:
  version "5.26.5"
  resolved "https://registry.yarnpkg.com/undici-types/-/undici-types-5.26.5.tgz#bcd539893d00b56e964fd2657a4866b221a65617"
  integrity sha512-JlCMO+ehdEIKqlFxk6IfVoAUVmgz7cU7zD/h9XZ0qzeosSHmUJVOzSQvvYSYWXkFXC+IfLKSIffhv0sVZup6pA==

vite@^5.0.0:
  version "5.0.4"
  resolved "https://registry.yarnpkg.com/vite/-/vite-5.0.4.tgz#d984d2aaa8bac30f1ca9b9eea9b97e052f88c307"
  integrity sha512-RzAr8LSvM8lmhB4tQ5OPcBhpjOZRZjuxv9zO5UcxeoY2bd3kP3Ticd40Qma9/BqZ8JS96Ll/jeBX9u+LJZrhVg==
  dependencies:
    esbuild "^0.19.3"
    postcss "^8.4.31"
    rollup "^4.2.0"
  optionalDependencies:
    fsevents "~2.3.3"

vue-demi@*, vue-demi@>=0.14.5:
  version "0.14.6"
  resolved "https://registry.yarnpkg.com/vue-demi/-/vue-demi-0.14.6.tgz#dc706582851dc1cdc17a0054f4fec2eb6df74c92"
  integrity sha512-8QA7wrYSHKaYgUxDA5ZC24w+eHm3sYCbp0EzcDwKqN3p6HqtTCGR/GVsPyZW92unff4UlcSh++lmqDWN3ZIq4w==

vue-router@^4.2.5:
  version "4.2.5"
  resolved "https://registry.yarnpkg.com/vue-router/-/vue-router-4.2.5.tgz#b9e3e08f1bd9ea363fdd173032620bc50cf0e98a"
  integrity sha512-DIUpKcyg4+PTQKfFPX88UWhlagBEBEfJ5A8XDXRJLUnZOvcpMF8o/dnL90vpVkGaPbjvXazV/rC1qBKrZlFugw==
  dependencies:
    "@vue/devtools-api" "^6.5.0"

vue-template-compiler@^2.7.14:
  version "2.7.15"
  resolved "https://registry.yarnpkg.com/vue-template-compiler/-/vue-template-compiler-2.7.15.tgz#ec88ba8ceafe0f17a528b89c57e01e02da92b0de"
  integrity sha512-yQxjxMptBL7UAog00O8sANud99C6wJF+7kgbcwqkvA38vCGF7HWE66w0ZFnS/kX5gSoJr/PQ4/oS3Ne2pW37Og==
  dependencies:
    de-indent "^1.0.2"
    he "^1.2.0"

vue-tsc@^1.8.22:
  version "1.8.24"
  resolved "https://registry.yarnpkg.com/vue-tsc/-/vue-tsc-1.8.24.tgz#ca3de095e08da27fd824f8f4931425c018106280"
  integrity sha512-eH1CSj231OzVEY5Hi7wS6ubzyOEwgr5jCptR0Ddf2SitGcaXIsPVDvrprm3eolCdyhDt3WS1Eb2F4fGX9BsUUw==
  dependencies:
    "@volar/typescript" "~1.11.1"
    "@vue/language-core" "1.8.24"
    semver "^7.5.4"

vue@^3.3.8:
  version "3.3.9"
  resolved "https://registry.yarnpkg.com/vue/-/vue-3.3.9.tgz#219a2ec68e8d4d0b0180460af0f5b9299b3f3f1f"
  integrity sha512-sy5sLCTR8m6tvUk1/ijri3Yqzgpdsmxgj6n6yl7GXXCXqVbmW2RCXe9atE4cEI6Iv7L89v5f35fZRRr5dChP9w==
  dependencies:
    "@vue/compiler-dom" "3.3.9"
    "@vue/compiler-sfc" "3.3.9"
    "@vue/runtime-dom" "3.3.9"
    "@vue/server-renderer" "3.3.9"
    "@vue/shared" "3.3.9"

ws@~8.11.0:
  version "8.11.0"
  resolved "https://registry.yarnpkg.com/ws/-/ws-8.11.0.tgz#6a0d36b8edfd9f96d8b25683db2f8d7de6e8e143"
  integrity sha512-HPG3wQd9sNQoT9xHyNCXoDUa+Xw/VevmY9FoHyQ+g+rrMn4j6FB4np7Z0OhdTgjx6MgQLK7jwSy1YecU1+4Asg==

xmlhttprequest-ssl@~2.0.0:
  version "2.0.0"
  resolved "https://registry.yarnpkg.com/xmlhttprequest-ssl/-/xmlhttprequest-ssl-2.0.0.tgz#91360c86b914e67f44dce769180027c0da618c67"
  integrity sha512-QKxVRxiRACQcVuQEYFsI1hhkrMlrXHPegbbd1yn9UHOmRxY+si12nQYzri3vbzt8VdTTRviqcKxcyllFas5z2A==

yallist@^4.0.0:
  version "4.0.0"
  resolved "https://registry.yarnpkg.com/yallist/-/yallist-4.0.0.tgz#9bb92790d9c0effec63be73519e11a35019a3a72"
  integrity sha512-3wdGidZyq5PB084XLES5TpOSRA3wjXAlIWMhum2kRcv/41Sn2emQ0dycQW4uZXLejwKvg6EsvbdlVL+FYEct7A==
